
Microsoft Visual Studio Solution File, Format Version 12.00
# Visual Studio Version 17
VisualStudioVersion = 17.13.35825.156 d17.13
MinimumVisualStudioVersion = 10.0.40219.1
Project("{FAE04EC0-301F-11D3-BF4B-00C04F79EFBC}") = "ImageRecognitionAPI", "ImageRecognitionAPI\ImageRecognitionAPI.csproj", "{4E2DBE69-F617-4E0F-89BE-F20105292324}"
EndProject
Global
	GlobalSection(SolutionConfigurationPlatforms) = preSolution
		Debug|Any CPU = Debug|Any CPU
		Release|Any CPU = Release|Any CPU
	EndGlobalSection
	GlobalSection(ProjectConfigurationPlatforms) = postSolution
		{4E2DBE69-F617-4E0F-89BE-F20105292324}.Debug|Any CPU.ActiveCfg = Debug|Any CPU
		{4E2DBE69-F617-4E0F-89BE-F20105292324}.Debug|Any CPU.Build.0 = Debug|Any CPU
		{4E2DBE69-F617-4E0F-89BE-F20105292324}.Release|Any CPU.ActiveCfg = Release|Any CPU
		{4E2DBE69-F617-4E0F-89BE-F20105292324}.Release|Any CPU.Build.0 = Release|Any CPU
	EndGlobalSection
	GlobalSection(SolutionProperties) = preSolution
		HideSolutionNode = FALSE
	EndGlobalSection
	GlobalSection(ExtensibilityGlobals) = postSolution
		SolutionGuid = {3387C7AD-45AD-438B-A15A-8C0CD21C59FC}
	EndGlobalSection
EndGlobal
